
Microsoft Visual Studio Solution File, Format Version 12.00
# Visual Studio Version 17
VisualStudioVersion = 17.7.34018.315
MinimumVisualStudioVersion = 10.0.40219.1
Project("{9A19103F-16F7-4668-BE54-9A1E7A4F7556}") = "SimpleProjectManager.Module", "SimpleProjectManager.Module\SimpleProjectManager.Module.csproj", "{C7058D64-9E13-4955-A22A-20805BC16A19}"
EndProject
Project("{9A19103F-16F7-4668-BE54-9A1E7A4F7556}") = "SimpleProjectManager.Win", "SimpleProjectManager.Win\SimpleProjectManager.Win.csproj", "{EDD241CE-9C7D-4C41-A3A9-517E41B13334}"
EndProject
Project("{9A19103F-16F7-4668-BE54-9A1E7A4F7556}") = "SimpleProjectManager.Blazor.Server", "SimpleProjectManager.Blazor.Server\SimpleProjectManager.Blazor.Server.csproj", "{EF47E1C6-6D97-4DA1-81E6-A4A480BAE663}"
EndProject
Global
	GlobalSection(SolutionConfigurationPlatforms) = preSolution
		Debug|Any CPU = Debug|Any CPU
		EasyTest|Any CPU = EasyTest|Any CPU
		Release|Any CPU = Release|Any CPU
	EndGlobalSection
	GlobalSection(ProjectConfigurationPlatforms) = postSolution
		{C7058D64-9E13-4955-A22A-20805BC16A19}.Debug|Any CPU.ActiveCfg = Debug|Any CPU
		{C7058D64-9E13-4955-A22A-20805BC16A19}.Debug|Any CPU.Build.0 = Debug|Any CPU
		{C7058D64-9E13-4955-A22A-20805BC16A19}.EasyTest|Any CPU.ActiveCfg = EasyTest|Any CPU
		{C7058D64-9E13-4955-A22A-20805BC16A19}.EasyTest|Any CPU.Build.0 = EasyTest|Any CPU
		{C7058D64-9E13-4955-A22A-20805BC16A19}.Release|Any CPU.ActiveCfg = Release|Any CPU
		{C7058D64-9E13-4955-A22A-20805BC16A19}.Release|Any CPU.Build.0 = Release|Any CPU
		{EDD241CE-9C7D-4C41-A3A9-517E41B13334}.Debug|Any CPU.ActiveCfg = Debug|Any CPU
		{EDD241CE-9C7D-4C41-A3A9-517E41B13334}.Debug|Any CPU.Build.0 = Debug|Any CPU
		{EDD241CE-9C7D-4C41-A3A9-517E41B13334}.EasyTest|Any CPU.ActiveCfg = EasyTest|Any CPU
		{EDD241CE-9C7D-4C41-A3A9-517E41B13334}.EasyTest|Any CPU.Build.0 = EasyTest|Any CPU
		{EDD241CE-9C7D-4C41-A3A9-517E41B13334}.Release|Any CPU.ActiveCfg = Release|Any CPU
		{EDD241CE-9C7D-4C41-A3A9-517E41B13334}.Release|Any CPU.Build.0 = Release|Any CPU
		{EF47E1C6-6D97-4DA1-81E6-A4A480BAE663}.Debug|Any CPU.ActiveCfg = Debug|Any CPU
		{EF47E1C6-6D97-4DA1-81E6-A4A480BAE663}.Debug|Any CPU.Build.0 = Debug|Any CPU
		{EF47E1C6-6D97-4DA1-81E6-A4A480BAE663}.EasyTest|Any CPU.ActiveCfg = EasyTest|Any CPU
		{EF47E1C6-6D97-4DA1-81E6-A4A480BAE663}.EasyTest|Any CPU.Build.0 = EasyTest|Any CPU
		{EF47E1C6-6D97-4DA1-81E6-A4A480BAE663}.Release|Any CPU.ActiveCfg = Release|Any CPU
		{EF47E1C6-6D97-4DA1-81E6-A4A480BAE663}.Release|Any CPU.Build.0 = Release|Any CPU
	EndGlobalSection
	GlobalSection(SolutionProperties) = preSolution
		HideSolutionNode = FALSE
	EndGlobalSection
EndGlobal
